
Microsoft Visual Studio Solution File, Format Version 12.00
# Visual Studio Version 17
VisualStudioVersion = 17.14.36310.24 d17.14
MinimumVisualStudioVersion = 10.0.40219.1
Project("{FAE04EC0-301F-11D3-BF4B-00C04F79EFBC}") = "GranDT", "GranDT\GranDT.csproj", "{3A642B66-6DED-40F3-95F7-32082914E645}"
EndProject
Global
	GlobalSection(SolutionConfigurationPlatforms) = preSolution
		Debug|Any CPU = Debug|Any CPU
		Release|Any CPU = Release|Any CPU
	EndGlobalSection
	GlobalSection(ProjectConfigurationPlatforms) = postSolution
		{3A642B66-6DED-40F3-95F7-32082914E645}.Debug|Any CPU.ActiveCfg = Debug|Any CPU
		{3A642B66-6DED-40F3-95F7-32082914E645}.Debug|Any CPU.Build.0 = Debug|Any CPU
		{3A642B66-6DED-40F3-95F7-32082914E645}.Release|Any CPU.ActiveCfg = Release|Any CPU
		{3A642B66-6DED-40F3-95F7-32082914E645}.Release|Any CPU.Build.0 = Release|Any CPU
	EndGlobalSection
	GlobalSection(SolutionProperties) = preSolution
		HideSolutionNode = FALSE
	EndGlobalSection
	GlobalSection(ExtensibilityGlobals) = postSolution
		SolutionGuid = {A9505702-D0E4-4B61-8F95-1FA7852F383D}
	EndGlobalSection
EndGlobal
